
Microsoft Visual Studio Solution File, Format Version 12.00
# Visual Studio 15
VisualStudioVersion = 15.0.27703.1
MinimumVisualStudioVersion = 10.0.40219.1
Project("{FAE04EC0-301F-11D3-BF4B-00C04F79EFBC}") = "JVM", "JVM\JVM.csproj", "{6217C7E0-D42B-4F7E-8C5D-22D91A4CFE78}"
EndProject
Global
	GlobalSection(SolutionConfigurationPlatforms) = preSolution
		Debug|Any CPU = Debug|Any CPU
		Release|Any CPU = Release|Any CPU
	EndGlobalSection
	GlobalSection(ProjectConfigurationPlatforms) = postSolution
		{6217C7E0-D42B-4F7E-8C5D-22D91A4CFE78}.Debug|Any CPU.ActiveCfg = Debug|Any CPU
		{6217C7E0-D42B-4F7E-8C5D-22D91A4CFE78}.Debug|Any CPU.Build.0 = Debug|Any CPU
		{6217C7E0-D42B-4F7E-8C5D-22D91A4CFE78}.Release|Any CPU.ActiveCfg = Release|Any CPU
		{6217C7E0-D42B-4F7E-8C5D-22D91A4CFE78}.Release|Any CPU.Build.0 = Release|Any CPU
	EndGlobalSection
	GlobalSection(SolutionProperties) = preSolution
		HideSolutionNode = FALSE
	EndGlobalSection
	GlobalSection(ExtensibilityGlobals) = postSolution
		SolutionGuid = {954766BC-EAFD-46C5-8819-D9B64158D57E}
	EndGlobalSection
EndGlobal
